
Microsoft Visual Studio Solution File, Format Version 12.00
# Visual Studio Version 17
VisualStudioVersion = 17.6.33717.318
MinimumVisualStudioVersion = 10.0.40219.1
Project("{FAE04EC0-301F-11D3-BF4B-00C04F79EFBC}") = "RabbitListener", "RabbitListener.csproj", "{C5C7C4E5-9BC8-47AB-8516-C215041D9F20}"
EndProject
Global
	GlobalSection(SolutionConfigurationPlatforms) = preSolution
		Debug|Any CPU = Debug|Any CPU
		Release|Any CPU = Release|Any CPU
	EndGlobalSection
	GlobalSection(ProjectConfigurationPlatforms) = postSolution
		{C5C7C4E5-9BC8-47AB-8516-C215041D9F20}.Debug|Any CPU.ActiveCfg = Debug|Any CPU
		{C5C7C4E5-9BC8-47AB-8516-C215041D9F20}.Debug|Any CPU.Build.0 = Debug|Any CPU
		{C5C7C4E5-9BC8-47AB-8516-C215041D9F20}.Release|Any CPU.ActiveCfg = Release|Any CPU
		{C5C7C4E5-9BC8-47AB-8516-C215041D9F20}.Release|Any CPU.Build.0 = Release|Any CPU
	EndGlobalSection
	GlobalSection(SolutionProperties) = preSolution
		HideSolutionNode = FALSE
	EndGlobalSection
	GlobalSection(ExtensibilityGlobals) = postSolution
		SolutionGuid = {899EA143-BFD1-49B9-BBD3-73AAFF373CF3}
	EndGlobalSection
EndGlobal
